
Microsoft Visual Studio Solution File, Format Version 12.00
# Visual Studio 15
VisualStudioVersion = 15.0.28307.329
MinimumVisualStudioVersion = 10.0.40219.1
Project("{FAE04EC0-301F-11D3-BF4B-00C04F79EFBC}") = "Morse-CS", "Morse-CS\Morse-CS.csproj", "{249758F5-757E-4A59-864E-506BEB4FC940}"
EndProject
Global
	GlobalSection(SolutionConfigurationPlatforms) = preSolution
		Debug|Any CPU = Debug|Any CPU
		Release|Any CPU = Release|Any CPU
	EndGlobalSection
	GlobalSection(ProjectConfigurationPlatforms) = postSolution
		{249758F5-757E-4A59-864E-506BEB4FC940}.Debug|Any CPU.ActiveCfg = Debug|Any CPU
		{249758F5-757E-4A59-864E-506BEB4FC940}.Debug|Any CPU.Build.0 = Debug|Any CPU
		{249758F5-757E-4A59-864E-506BEB4FC940}.Release|Any CPU.ActiveCfg = Release|Any CPU
		{249758F5-757E-4A59-864E-506BEB4FC940}.Release|Any CPU.Build.0 = Release|Any CPU
	EndGlobalSection
	GlobalSection(SolutionProperties) = preSolution
		HideSolutionNode = FALSE
	EndGlobalSection
	GlobalSection(ExtensibilityGlobals) = postSolution
		SolutionGuid = {A7AD78D4-2567-499A-9899-178D6577859D}
	EndGlobalSection
EndGlobal
